
Microsoft Visual Studio Solution File, Format Version 12.00
# Visual Studio Version 16
VisualStudioVersion = 16.0.29709.97
MinimumVisualStudioVersion = 10.0.40219.1
Project("{FAE04EC0-301F-11D3-BF4B-00C04F79EFBC}") = "Task_School_Online_Examination_System", "Task_School_Online_Examination_System\Task_School_Online_Examination_System.csproj", "{EDDA9640-6C78-48B5-9868-06AE240714A6}"
EndProject
Global
	GlobalSection(SolutionConfigurationPlatforms) = preSolution
		Debug|Any CPU = Debug|Any CPU
		Release|Any CPU = Release|Any CPU
	EndGlobalSection
	GlobalSection(ProjectConfigurationPlatforms) = postSolution
		{EDDA9640-6C78-48B5-9868-06AE240714A6}.Debug|Any CPU.ActiveCfg = Debug|Any CPU
		{EDDA9640-6C78-48B5-9868-06AE240714A6}.Debug|Any CPU.Build.0 = Debug|Any CPU
		{EDDA9640-6C78-48B5-9868-06AE240714A6}.Release|Any CPU.ActiveCfg = Release|Any CPU
		{EDDA9640-6C78-48B5-9868-06AE240714A6}.Release|Any CPU.Build.0 = Release|Any CPU
	EndGlobalSection
	GlobalSection(SolutionProperties) = preSolution
		HideSolutionNode = FALSE
	EndGlobalSection
	GlobalSection(ExtensibilityGlobals) = postSolution
		SolutionGuid = {EE35ABD2-7CB0-44C2-8C09-3130EE60ED49}
	EndGlobalSection
EndGlobal
