
Microsoft Visual Studio Solution File, Format Version 12.00
# Visual Studio Version 16
VisualStudioVersion = 16.0.29709.97
MinimumVisualStudioVersion = 10.0.40219.1
Project("{FAE04EC0-301F-11D3-BF4B-00C04F79EFBC}") = "ModelFirstConsoleApp", "ModelFirstConsoleApp\ModelFirstConsoleApp.csproj", "{50404AAC-7D8F-4C11-B309-8B5C3688F994}"
EndProject
Global
	GlobalSection(SolutionConfigurationPlatforms) = preSolution
		Debug|Any CPU = Debug|Any CPU
		Release|Any CPU = Release|Any CPU
	EndGlobalSection
	GlobalSection(ProjectConfigurationPlatforms) = postSolution
		{50404AAC-7D8F-4C11-B309-8B5C3688F994}.Debug|Any CPU.ActiveCfg = Debug|Any CPU
		{50404AAC-7D8F-4C11-B309-8B5C3688F994}.Debug|Any CPU.Build.0 = Debug|Any CPU
		{50404AAC-7D8F-4C11-B309-8B5C3688F994}.Release|Any CPU.ActiveCfg = Release|Any CPU
		{50404AAC-7D8F-4C11-B309-8B5C3688F994}.Release|Any CPU.Build.0 = Release|Any CPU
	EndGlobalSection
	GlobalSection(SolutionProperties) = preSolution
		HideSolutionNode = FALSE
	EndGlobalSection
	GlobalSection(ExtensibilityGlobals) = postSolution
		SolutionGuid = {3147D96F-9E28-4B82-896A-202ADE7E338F}
	EndGlobalSection
EndGlobal
