
Microsoft Visual Studio Solution File, Format Version 12.00
# Visual Studio Version 16
VisualStudioVersion = 16.0.29709.97
MinimumVisualStudioVersion = 10.0.40219.1
Project("{FAE04EC0-301F-11D3-BF4B-00C04F79EFBC}") = "Task 15 Feb 2020", "Task 15 Feb 2020\Task 15 Feb 2020.csproj", "{4FF71CE8-95C7-4EFB-BC67-C82F62E55A4A}"
EndProject
Global
	GlobalSection(SolutionConfigurationPlatforms) = preSolution
		Debug|Any CPU = Debug|Any CPU
		Release|Any CPU = Release|Any CPU
	EndGlobalSection
	GlobalSection(ProjectConfigurationPlatforms) = postSolution
		{4FF71CE8-95C7-4EFB-BC67-C82F62E55A4A}.Debug|Any CPU.ActiveCfg = Debug|Any CPU
		{4FF71CE8-95C7-4EFB-BC67-C82F62E55A4A}.Debug|Any CPU.Build.0 = Debug|Any CPU
		{4FF71CE8-95C7-4EFB-BC67-C82F62E55A4A}.Release|Any CPU.ActiveCfg = Release|Any CPU
		{4FF71CE8-95C7-4EFB-BC67-C82F62E55A4A}.Release|Any CPU.Build.0 = Release|Any CPU
	EndGlobalSection
	GlobalSection(SolutionProperties) = preSolution
		HideSolutionNode = FALSE
	EndGlobalSection
	GlobalSection(ExtensibilityGlobals) = postSolution
		SolutionGuid = {7273BA7A-0C49-494C-93A2-B1F4433A9CDF}
	EndGlobalSection
EndGlobal
