
Microsoft Visual Studio Solution File, Format Version 12.00
# Visual Studio Version 16
VisualStudioVersion = 16.0.29709.97
MinimumVisualStudioVersion = 10.0.40219.1
Project("{FAE04EC0-301F-11D3-BF4B-00C04F79EFBC}") = "DBFirst_Approach", "DBFirst_Approach\DBFirst_Approach.csproj", "{B72B8F88-19F6-4FEF-A7C3-306E46702C4D}"
EndProject
Global
	GlobalSection(SolutionConfigurationPlatforms) = preSolution
		Debug|Any CPU = Debug|Any CPU
		Release|Any CPU = Release|Any CPU
	EndGlobalSection
	GlobalSection(ProjectConfigurationPlatforms) = postSolution
		{B72B8F88-19F6-4FEF-A7C3-306E46702C4D}.Debug|Any CPU.ActiveCfg = Debug|Any CPU
		{B72B8F88-19F6-4FEF-A7C3-306E46702C4D}.Debug|Any CPU.Build.0 = Debug|Any CPU
		{B72B8F88-19F6-4FEF-A7C3-306E46702C4D}.Release|Any CPU.ActiveCfg = Release|Any CPU
		{B72B8F88-19F6-4FEF-A7C3-306E46702C4D}.Release|Any CPU.Build.0 = Release|Any CPU
	EndGlobalSection
	GlobalSection(SolutionProperties) = preSolution
		HideSolutionNode = FALSE
	EndGlobalSection
	GlobalSection(ExtensibilityGlobals) = postSolution
		SolutionGuid = {9363C689-1E2D-4647-B464-C9DE14C7FDFD}
	EndGlobalSection
EndGlobal
