
Microsoft Visual Studio Solution File, Format Version 12.00
# Visual Studio Version 16
VisualStudioVersion = 16.0.29709.97
MinimumVisualStudioVersion = 10.0.40219.1
Project("{FAE04EC0-301F-11D3-BF4B-00C04F79EFBC}") = "Code_First_Task_EntityFramework", "Code_First_Task_EntityFramework\Code_First_Task_EntityFramework.csproj", "{EDE8A393-3EE2-43B2-919F-CD0AAED4153A}"
EndProject
Global
	GlobalSection(SolutionConfigurationPlatforms) = preSolution
		Debug|Any CPU = Debug|Any CPU
		Release|Any CPU = Release|Any CPU
	EndGlobalSection
	GlobalSection(ProjectConfigurationPlatforms) = postSolution
		{EDE8A393-3EE2-43B2-919F-CD0AAED4153A}.Debug|Any CPU.ActiveCfg = Debug|Any CPU
		{EDE8A393-3EE2-43B2-919F-CD0AAED4153A}.Debug|Any CPU.Build.0 = Debug|Any CPU
		{EDE8A393-3EE2-43B2-919F-CD0AAED4153A}.Release|Any CPU.ActiveCfg = Release|Any CPU
		{EDE8A393-3EE2-43B2-919F-CD0AAED4153A}.Release|Any CPU.Build.0 = Release|Any CPU
	EndGlobalSection
	GlobalSection(SolutionProperties) = preSolution
		HideSolutionNode = FALSE
	EndGlobalSection
	GlobalSection(ExtensibilityGlobals) = postSolution
		SolutionGuid = {97451384-6152-475C-B76A-B8AA28E73B90}
	EndGlobalSection
EndGlobal
